// !$*UTF8*$!
{
	archiveVersion = 1;
	classes = {
	};
	objectVersion = 46;
	objects = {

/* Begin PBXBuildFile section */
		BA9CFC531B6F10B600A6AFC3 /* main.m in Sources */ = {isa = PBXBuildFile; fileRef = BA9CFC521B6F10B600A6AFC3 /* main.m */; };
		BA9CFC561B6F10B600A6AFC3 /* AppDelegate.m in Sources */ = {isa = PBXBuildFile; fileRef = BA9CFC551B6F10B600A6AFC3 /* AppDelegate.m */; };
		BA9CFC591B6F10B600A6AFC3 /* ViewController.m in Sources */ = {isa = PBXBuildFile; fileRef = BA9CFC581B6F10B600A6AFC3 /* ViewController.m */; };
		BA9CFC5C1B6F10B600A6AFC3 /* Main.storyboard in Resources */ = {isa = PBXBuildFile; fileRef = BA9CFC5A1B6F10B600A6AFC3 /* Main.storyboard */; };
		BA9CFC5E1B6F10B600A6AFC3 /* Assets.xcassets in Resources */ = {isa = PBXBuildFile; fileRef = BA9CFC5D1B6F10B600A6AFC3 /* Assets.xcassets */; };
		BA9CFC611B6F10B600A6AFC3 /* LaunchScreen.storyboard in Resources */ = {isa = PBXBuildFile; fileRef = BA9CFC5F1B6F10B600A6AFC3 /* LaunchScreen.storyboard */; };
		BA9CFC9C1B6F1D2400A6AFC3 /* YHGetNetPictureSize.m in Sources */ = {isa = PBXBuildFile; fileRef = BA9CFC9B1B6F1D2400A6AFC3 /* YHGetNetPictureSize.m */; };
/* End PBXBuildFile section */

/* Begin PBXFileReference section */
		BA9CFC4E1B6F10B500A6AFC3 /* 获取网络图片尺寸.app */ = {isa = PBXFileReference; explicitFileType = wrapper.application; includeInIndex = 0; path = "获取网络图片尺寸.app"; sourceTree = BUILT_PRODUCTS_DIR; };
		BA9CFC521B6F10B600A6AFC3 /* main.m */ = {isa = PBXFileReference; lastKnownFileType = sourcecode.c.objc; path = main.m; sourceTree = "<group>"; };
		BA9CFC541B6F10B600A6AFC3 /* AppDelegate.h */ = {isa = PBXFileReference; lastKnownFileType = sourcecode.c.h; path = AppDelegate.h; sourceTree = "<group>"; };
		BA9CFC551B6F10B600A6AFC3 /* AppDelegate.m */ = {isa = PBXFileReference; lastKnownFileType = sourcecode.c.objc; path = AppDelegate.m; sourceTree = "<group>"; };
		BA9CFC571B6F10B600A6AFC3 /* ViewController.h */ = {isa = PBXFileReference; lastKnownFileType = sourcecode.c.h; path = ViewController.h; sourceTree = "<group>"; };
		BA9CFC581B6F10B600A6AFC3 /* ViewController.m */ = {isa = PBXFileReference; lastKnownFileType = sourcecode.c.objc; path = ViewController.m; sourceTree = "<group>"; };
		BA9CFC5B1B6F10B600A6AFC3 /* Base */ = {isa = PBXFileReference; lastKnownFileType = file.storyboard; name = Base; path = Base.lproj/Main.storyboard; sourceTree = "<group>"; };
		BA9CFC5D1B6F10B600A6AFC3 /* Assets.xcassets */ = {isa = PBXFileReference; lastKnownFileType = folder.assetcatalog; path = Assets.xcassets; sourceTree = "<group>"; };
		BA9CFC601B6F10B600A6AFC3 /* Base */ = {isa = PBXFileReference; lastKnownFileType = file.storyboard; name = Base; path = Base.lproj/LaunchScreen.storyboard; sourceTree = "<group>"; };
		BA9CFC621B6F10B600A6AFC3 /* Info.plist */ = {isa = PBXFileReference; lastKnownFileType = text.plist.xml; path = Info.plist; sourceTree = "<group>"; };
		BA9CFC9A1B6F1D2400A6AFC3 /* YHGetNetPictureSize.h */ = {isa = PBXFileReference; fileEncoding = 4; lastKnownFileType = sourcecode.c.h; path = YHGetNetPictureSize.h; sourceTree = "<group>"; };
		BA9CFC9B1B6F1D2400A6AFC3 /* YHGetNetPictureSize.m */ = {isa = PBXFileReference; fileEncoding = 4; lastKnownFileType = sourcecode.c.objc; path = YHGetNetPictureSize.m; sourceTree = "<group>"; };
/* End PBXFileReference section */

/* Begin PBXFrameworksBuildPhase section */
		BA9CFC4B1B6F10B500A6AFC3 /* Frameworks */ = {
			isa = PBXFrameworksBuildPhase;
			buildActionMask = 2147483647;
			files = (
			);
			runOnlyForDeploymentPostprocessing = 0;
		};
/* End PBXFrameworksBuildPhase section */

/* Begin PBXGroup section */
		BA9CFC451B6F10B500A6AFC3 = {
			isa = PBXGroup;
			children = (
				BA9CFC501B6F10B500A6AFC3 /* 获取网络图片尺寸 */,
				BA9CFC4F1B6F10B500A6AFC3 /* Products */,
			);
			sourceTree = "<group>";
		};
		BA9CFC4F1B6F10B500A6AFC3 /* Products */ = {
			isa = PBXGroup;
			children = (
				BA9CFC4E1B6F10B500A6AFC3 /* 获取网络图片尺寸.app */,
			);
			name = Products;
			sourceTree = "<group>";
		};
		BA9CFC501B6F10B500A6AFC3 /* 获取网络图片尺寸 */ = {
			isa = PBXGroup;
			children = (
				BA9CFC971B6F12DC00A6AFC3 /* Other */,
				BA9CFC991B6F1D2400A6AFC3 /* YHGetNetPictureSize */,
				BA9CFC541B6F10B600A6AFC3 /* AppDelegate.h */,
				BA9CFC551B6F10B600A6AFC3 /* AppDelegate.m */,
				BA9CFC571B6F10B600A6AFC3 /* ViewController.h */,
				BA9CFC581B6F10B600A6AFC3 /* ViewController.m */,
				BA9CFC5D1B6F10B600A6AFC3 /* Assets.xcassets */,
				BA9CFC511B6F10B600A6AFC3 /* Supporting Files */,
			);
			name = "获取网络图片尺寸";
			path = "02-获取网络图片尺寸测试";
			sourceTree = "<group>";
		};
		BA9CFC511B6F10B600A6AFC3 /* Supporting Files */ = {
			isa = PBXGroup;
			children = (
				BA9CFC521B6F10B600A6AFC3 /* main.m */,
			);
			name = "Supporting Files";
			sourceTree = "<group>";
		};
		BA9CFC971B6F12DC00A6AFC3 /* Other */ = {
			isa = PBXGroup;
			children = (
				BA9CFC621B6F10B600A6AFC3 /* Info.plist */,
				BA9CFC5A1B6F10B600A6AFC3 /* Main.storyboard */,
				BA9CFC5F1B6F10B600A6AFC3 /* LaunchScreen.storyboard */,
			);
			name = Other;
			sourceTree = "<group>";
		};
		BA9CFC991B6F1D2400A6AFC3 /* YHGetNetPictureSize */ = {
			isa = PBXGroup;
			children = (
				BA9CFC9A1B6F1D2400A6AFC3 /* YHGetNetPictureSize.h */,
				BA9CFC9B1B6F1D2400A6AFC3 /* YHGetNetPictureSize.m */,
			);
			path = YHGetNetPictureSize;
			sourceTree = "<group>";
		};
/* End PBXGroup section */

/* Begin PBXNativeTarget section */
		BA9CFC4D1B6F10B500A6AFC3 /* 获取网络图片尺寸 */ = {
			isa = PBXNativeTarget;
			buildConfigurationList = BA9CFC651B6F10B600A6AFC3 /* Build configuration list for PBXNativeTarget "获取网络图片尺寸" */;
			buildPhases = (
				BA9CFC4A1B6F10B500A6AFC3 /* Sources */,
				BA9CFC4B1B6F10B500A6AFC3 /* Frameworks */,
				BA9CFC4C1B6F10B500A6AFC3 /* Resources */,
			);
			buildRules = (
			);
			dependencies = (
			);
			name = "获取网络图片尺寸";
			productName = "02-获取网络图片尺寸测试";
			productReference = BA9CFC4E1B6F10B500A6AFC3 /* 获取网络图片尺寸.app */;
			productType = "com.apple.product-type.application";
		};
/* End PBXNativeTarget section */

/* Begin PBXProject section */
		BA9CFC461B6F10B500A6AFC3 /* Project object */ = {
			isa = PBXProject;
			attributes = {
				LastUpgradeCheck = 0700;
				ORGANIZATIONNAME = zhengyaheng;
				TargetAttributes = {
					BA9CFC4D1B6F10B500A6AFC3 = {
						CreatedOnToolsVersion = 7.0;
					};
				};
			};
			buildConfigurationList = BA9CFC491B6F10B500A6AFC3 /* Build configuration list for PBXProject "获取网络图片尺寸" */;
			compatibilityVersion = "Xcode 3.2";
			developmentRegion = English;
			hasScannedForEncodings = 0;
			knownRegions = (
				en,
				Base,
			);
			mainGroup = BA9CFC451B6F10B500A6AFC3;
			productRefGroup = BA9CFC4F1B6F10B500A6AFC3 /* Products */;
			projectDirPath = "";
			projectRoot = "";
			targets = (
				BA9CFC4D1B6F10B500A6AFC3 /* 获取网络图片尺寸 */,
			);
		};
/* End PBXProject section */

/* Begin PBXResourcesBuildPhase section */
		BA9CFC4C1B6F10B500A6AFC3 /* Resources */ = {
			isa = PBXResourcesBuildPhase;
			buildActionMask = 2147483647;
			files = (
				BA9CFC611B6F10B600A6AFC3 /* LaunchScreen.storyboard in Resources */,
				BA9CFC5E1B6F10B600A6AFC3 /* Assets.xcassets in Resources */,
				BA9CFC5C1B6F10B600A6AFC3 /* Main.storyboard in Resources */,
			);
			runOnlyForDeploymentPostprocessing = 0;
		};
/* End PBXResourcesBuildPhase section */

/* Begin PBXSourcesBuildPhase section */
		BA9CFC4A1B6F10B500A6AFC3 /* Sources */ = {
			isa = PBXSourcesBuildPhase;
			buildActionMask = 2147483647;
			files = (
				BA9CFC9C1B6F1D2400A6AFC3 /* YHGetNetPictureSize.m in Sources */,
				BA9CFC591B6F10B600A6AFC3 /* ViewController.m in Sources */,
				BA9CFC561B6F10B600A6AFC3 /* AppDelegate.m in Sources */,
				BA9CFC531B6F10B600A6AFC3 /* main.m in Sources */,
			);
			runOnlyForDeploymentPostprocessing = 0;
		};
/* End PBXSourcesBuildPhase section */

/* Begin PBXVariantGroup section */
		BA9CFC5A1B6F10B600A6AFC3 /* Main.storyboard */ = {
			isa = PBXVariantGroup;
			children = (
				BA9CFC5B1B6F10B600A6AFC3 /* Base */,
			);
			name = Main.storyboard;
			sourceTree = "<group>";
		};
		BA9CFC5F1B6F10B600A6AFC3 /* LaunchScreen.storyboard */ = {
			isa = PBXVariantGroup;
			children = (
				BA9CFC601B6F10B600A6AFC3 /* Base */,
			);
			name = LaunchScreen.storyboard;
			sourceTree = "<group>";
		};
/* End PBXVariantGroup section */

/* Begin XCBuildConfiguration section */
		BA9CFC631B6F10B600A6AFC3 /* Debug */ = {
			isa = XCBuildConfiguration;
			buildSettings = {
				ALWAYS_SEARCH_USER_PATHS = NO;
				CLANG_CXX_LANGUAGE_STANDARD = "gnu++0x";
				CLANG_CXX_LIBRARY = "libc++";
				CLANG_ENABLE_MODULES = YES;
				CLANG_ENABLE_OBJC_ARC = YES;
				CLANG_WARN_BOOL_CONVERSION = YES;
				CLANG_WARN_CONSTANT_CONVERSION = YES;
				CLANG_WARN_DIRECT_OBJC_ISA_USAGE = YES_ERROR;
				CLANG_WARN_EMPTY_BODY = YES;
				CLANG_WARN_ENUM_CONVERSION = YES;
				CLANG_WARN_INT_CONVERSION = YES;
				CLANG_WARN_OBJC_ROOT_CLASS = YES_ERROR;
				CLANG_WARN_UNREACHABLE_CODE = YES;
				CLANG_WARN__DUPLICATE_METHOD_MATCH = YES;
				"CODE_SIGN_IDENTITY[sdk=iphoneos*]" = "iPhone Developer";
				COPY_PHASE_STRIP = NO;
				DEBUG_INFORMATION_FORMAT = dwarf;
				ENABLE_STRICT_OBJC_MSGSEND = YES;
				ENABLE_TESTABILITY = YES;
				GCC_C_LANGUAGE_STANDARD = gnu99;
				GCC_DYNAMIC_NO_PIC = NO;
				GCC_NO_COMMON_BLOCKS = YES;
				GCC_OPTIMIZATION_LEVEL = 0;
				GCC_PREPROCESSOR_DEFINITIONS = (
					"DEBUG=1",
					"$(inherited)",
				);
				GCC_WARN_64_TO_32_BIT_CONVERSION = YES;
				GCC_WARN_ABOUT_RETURN_TYPE = YES_ERROR;
				GCC_WARN_UNDECLARED_SELECTOR = YES;
				GCC_WARN_UNINITIALIZED_AUTOS = YES_AGGRESSIVE;
				GCC_WARN_UNUSED_FUNCTION = YES;
				GCC_WARN_UNUSED_VARIABLE = YES;
				IPHONEOS_DEPLOYMENT_TARGET = 9.0;
				MTL_ENABLE_DEBUG_INFO = YES;
				ONLY_ACTIVE_ARCH = YES;
				SDKROOT = iphoneos;
			};
			name = Debug;
		};
		BA9CFC641B6F10B600A6AFC3 /* Release */ = {
			isa = XCBuildConfiguration;
			buildSettings = {
				ALWAYS_SEARCH_USER_PATHS = NO;
				CLANG_CXX_LANGUAGE_STANDARD = "gnu++0x";
				CLANG_CXX_LIBRARY = "libc++";
				CLANG_ENABLE_MODULES = YES;
				CLANG_ENABLE_OBJC_ARC = YES;
				CLANG_WARN_BOOL_CONVERSION = YES;
				CLANG_WARN_CONSTANT_CONVERSION = YES;
				CLANG_WARN_DIRECT_OBJC_ISA_USAGE = YES_ERROR;
				CLANG_WARN_EMPTY_BODY = YES;
				CLANG_WARN_ENUM_CONVERSION = YES;
				CLANG_WARN_INT_CONVERSION = YES;
				CLANG_WARN_OBJC_ROOT_CLASS = YES_ERROR;
				CLANG_WARN_UNREACHABLE_CODE = YES;
				CLANG_WARN__DUPLICATE_METHOD_MATCH = YES;
				"CODE_SIGN_IDENTITY[sdk=iphoneos*]" = "iPhone Developer";
				COPY_PHASE_STRIP = NO;
				DEBUG_INFORMATION_FORMAT = "dwarf-with-dsym";
				ENABLE_NS_ASSERTIONS = NO;
				ENABLE_STRICT_OBJC_MSGSEND = YES;
				GCC_C_LANGUAGE_STANDARD = gnu99;
				GCC_NO_COMMON_BLOCKS = YES;
				GCC_WARN_64_TO_32_BIT_CONVERSION = YES;
				GCC_WARN_ABOUT_RETURN_TYPE = YES_ERROR;
				GCC_WARN_UNDECLARED_SELECTOR = YES;
				GCC_WARN_UNINITIALIZED_AUTOS = YES_AGGRESSIVE;
				GCC_WARN_UNUSED_FUNCTION = YES;
				GCC_WARN_UNUSED_VARIABLE = YES;
				IPHONEOS_DEPLOYMENT_TARGET = 9.0;
				MTL_ENABLE_DEBUG_INFO = NO;
				SDKROOT = iphoneos;
				VALIDATE_PRODUCT = YES;
			};
			name = Release;
		};
		BA9CFC661B6F10B600A6AFC3 /* Debug */ = {
			isa = XCBuildConfiguration;
			buildSettings = {
				ASSETCATALOG_COMPILER_APPICON_NAME = AppIcon;
				INFOPLIST_FILE = "02-获取网络图片尺寸测试/Info.plist";
				LD_RUNPATH_SEARCH_PATHS = "$(inherited) @executable_path/Frameworks";
				PRODUCT_BUNDLE_IDENTIFIER = "yahengzheng-163.com.-2-----------";
				PRODUCT_NAME = "获取网络图片尺寸";
			};
			name = Debug;
		};
		BA9CFC671B6F10B600A6AFC3 /* Release */ = {
			isa = XCBuildConfiguration;
			buildSettings = {
				ASSETCATALOG_COMPILER_APPICON_NAME = AppIcon;
				INFOPLIST_FILE = "02-获取网络图片尺寸测试/Info.plist";
				LD_RUNPATH_SEARCH_PATHS = "$(inherited) @executable_path/Frameworks";
				PRODUCT_BUNDLE_IDENTIFIER = "yahengzheng-163.com.-2-----------";
				PRODUCT_NAME = "获取网络图片尺寸";
			};
			name = Release;
		};
/* End XCBuildConfiguration section */

/* Begin XCConfigurationList section */
		BA9CFC491B6F10B500A6AFC3 /* Build configuration list for PBXProject "获取网络图片尺寸" */ = {
			isa = XCConfigurationList;
			buildConfigurations = (
				BA9CFC631B6F10B600A6AFC3 /* Debug */,
				BA9CFC641B6F10B600A6AFC3 /* Release */,
			);
			defaultConfigurationIsVisible = 0;
			defaultConfigurationName = Release;
		};
		BA9CFC651B6F10B600A6AFC3 /* Build configuration list for PBXNativeTarget "获取网络图片尺寸" */ = {
			isa = XCConfigurationList;
			buildConfigurations = (
				BA9CFC661B6F10B600A6AFC3 /* Debug */,
				BA9CFC671B6F10B600A6AFC3 /* Release */,
			);
			defaultConfigurationIsVisible = 0;
			defaultConfigurationName = Release;
		};
/* End XCConfigurationList section */
	};
	rootObject = BA9CFC461B6F10B500A6AFC3 /* Project object */;
}
